
Microsoft Visual Studio Solution File, Format Version 12.00
# Visual Studio 14
VisualStudioVersion = 14.0.25420.1
MinimumVisualStudioVersion = 10.0.40219.1
Project("{888888A0-9F3D-457C-B088-3A5042F75D52}") = "100Taskschalleng", "100Taskschalleng\100Taskschalleng.pyproj", "{B776EF11-4DED-495F-93E6-15794B5DF562}"
EndProject
Project("{888888A0-9F3D-457C-B088-3A5042F75D52}") = "SudokuSolver", "SudokuSolver\SudokuSolver.pyproj", "{1C9520CA-7A35-4693-89E6-BF0D8A558332}"
EndProject
Project("{888888A0-9F3D-457C-B088-3A5042F75D52}") = "ImageCompressor", "ImageCompressor\ImageCompressor.pyproj", "{48FBBA24-B182-4A3A-86E8-B93D741C629B}"
EndProject
Project("{8BC9CEB8-8B4A-11D0-8D11-00A0C91BC942}") = "Temperature", "Temperature\Temperature.vcxproj", "{3B14A0A9-B0ED-404E-9E60-D6C881D319D4}"
EndProject
Project("{2150E333-8FDC-42A3-9474-1A3956D46DE8}") = "Solution Items", "Solution Items", "{2E1314B9-3C4B-436F-8A79-680CD7A50BB5}"
	ProjectSection(SolutionItems) = preProject
		..\..\..\..\Downloads\1426493409034.png = ..\..\..\..\Downloads\1426493409034.png
	EndProjectSection
EndProject
Global
	GlobalSection(SolutionConfigurationPlatforms) = preSolution
		Debug|Any CPU = Debug|Any CPU
		Debug|x64 = Debug|x64
		Debug|x86 = Debug|x86
		Release|Any CPU = Release|Any CPU
		Release|x64 = Release|x64
		Release|x86 = Release|x86
	EndGlobalSection
	GlobalSection(ProjectConfigurationPlatforms) = postSolution
		{B776EF11-4DED-495F-93E6-15794B5DF562}.Debug|Any CPU.ActiveCfg = Debug|Any CPU
		{B776EF11-4DED-495F-93E6-15794B5DF562}.Debug|x64.ActiveCfg = Debug|Any CPU
		{B776EF11-4DED-495F-93E6-15794B5DF562}.Debug|x86.ActiveCfg = Debug|Any CPU
		{B776EF11-4DED-495F-93E6-15794B5DF562}.Release|Any CPU.ActiveCfg = Release|Any CPU
		{B776EF11-4DED-495F-93E6-15794B5DF562}.Release|x64.ActiveCfg = Release|Any CPU
		{B776EF11-4DED-495F-93E6-15794B5DF562}.Release|x86.ActiveCfg = Release|Any CPU
		{1C9520CA-7A35-4693-89E6-BF0D8A558332}.Debug|Any CPU.ActiveCfg = Debug|Any CPU
		{1C9520CA-7A35-4693-89E6-BF0D8A558332}.Debug|x64.ActiveCfg = Debug|Any CPU
		{1C9520CA-7A35-4693-89E6-BF0D8A558332}.Debug|x86.ActiveCfg = Debug|Any CPU
		{1C9520CA-7A35-4693-89E6-BF0D8A558332}.Release|Any CPU.ActiveCfg = Release|Any CPU
		{1C9520CA-7A35-4693-89E6-BF0D8A558332}.Release|x64.ActiveCfg = Release|Any CPU
		{1C9520CA-7A35-4693-89E6-BF0D8A558332}.Release|x86.ActiveCfg = Release|Any CPU
		{48FBBA24-B182-4A3A-86E8-B93D741C629B}.Debug|Any CPU.ActiveCfg = Debug|Any CPU
		{48FBBA24-B182-4A3A-86E8-B93D741C629B}.Debug|x64.ActiveCfg = Debug|Any CPU
		{48FBBA24-B182-4A3A-86E8-B93D741C629B}.Debug|x86.ActiveCfg = Debug|Any CPU
		{48FBBA24-B182-4A3A-86E8-B93D741C629B}.Release|Any CPU.ActiveCfg = Release|Any CPU
		{48FBBA24-B182-4A3A-86E8-B93D741C629B}.Release|x64.ActiveCfg = Release|Any CPU
		{48FBBA24-B182-4A3A-86E8-B93D741C629B}.Release|x86.ActiveCfg = Release|Any CPU
		{3B14A0A9-B0ED-404E-9E60-D6C881D319D4}.Debug|Any CPU.ActiveCfg = Debug|Win32
		{3B14A0A9-B0ED-404E-9E60-D6C881D319D4}.Debug|x64.ActiveCfg = Debug|x64
		{3B14A0A9-B0ED-404E-9E60-D6C881D319D4}.Debug|x64.Build.0 = Debug|x64
		{3B14A0A9-B0ED-404E-9E60-D6C881D319D4}.Debug|x86.ActiveCfg = Debug|Win32
		{3B14A0A9-B0ED-404E-9E60-D6C881D319D4}.Debug|x86.Build.0 = Debug|Win32
		{3B14A0A9-B0ED-404E-9E60-D6C881D319D4}.Release|Any CPU.ActiveCfg = Release|Win32
		{3B14A0A9-B0ED-404E-9E60-D6C881D319D4}.Release|x64.ActiveCfg = Release|x64
		{3B14A0A9-B0ED-404E-9E60-D6C881D319D4}.Release|x64.Build.0 = Release|x64
		{3B14A0A9-B0ED-404E-9E60-D6C881D319D4}.Release|x86.ActiveCfg = Release|Win32
		{3B14A0A9-B0ED-404E-9E60-D6C881D319D4}.Release|x86.Build.0 = Release|Win32
	EndGlobalSection
	GlobalSection(SolutionProperties) = preSolution
		HideSolutionNode = FALSE
	EndGlobalSection
EndGlobal
